
Microsoft Visual Studio Solution File, Format Version 12.00
# Visual Studio Version 16
VisualStudioVersion = 16.0.31515.178
MinimumVisualStudioVersion = 10.0.40219.1
Project("{2150E333-8FDC-42A3-9474-1A3956D46DE8}") = "Services", "Services", "{3D8E851D-EBE4-40A6-B27A-3FB789518759}"
EndProject
Project("{2150E333-8FDC-42A3-9474-1A3956D46DE8}") = "Catalog", "Catalog", "{DFE5528F-A9CB-452F-A50E-AB2CD0300B6E}"
EndProject
Project("{9A19103F-16F7-4668-BE54-9A1E7A4F7556}") = "Catalog.API", "Services\Catalog\Catalog.API\Catalog.API.csproj", "{D6682523-C55D-4B97-AAF8-CCCE6FC9D492}"
EndProject
Project("{E53339B2-1760-4266-BCC7-CA923CBCF16C}") = "docker-compose", "docker-compose.dcproj", "{7AEB4CAA-26EC-472E-AD90-A32A3F4ECAD9}"
EndProject
Project("{2150E333-8FDC-42A3-9474-1A3956D46DE8}") = "Basket", "Basket", "{3825F365-57AC-42A3-BABF-2FA59D91D44F}"
EndProject
Project("{9A19103F-16F7-4668-BE54-9A1E7A4F7556}") = "Basket.API", "Services\Basket\Basket.API\Basket.API.csproj", "{C679F096-636E-4B06-B715-977F5ADB66A0}"
EndProject
Project("{2150E333-8FDC-42A3-9474-1A3956D46DE8}") = "Discount", "Discount", "{24D9B29B-1C54-453D-9853-6379B7245935}"
EndProject
Project("{9A19103F-16F7-4668-BE54-9A1E7A4F7556}") = "Discount.API", "Services\Discount\Discount.API\Discount.API.csproj", "{55EFB48C-9ACF-428C-BFD4-2CD74FE330E9}"
EndProject
Project("{9A19103F-16F7-4668-BE54-9A1E7A4F7556}") = "Discount.Grpc", "Services\Discount\Discount.Grpc\Discount.Grpc.csproj", "{1C165017-5A60-4BBC-8C34-56AB6D11736A}"
EndProject
Project("{2150E333-8FDC-42A3-9474-1A3956D46DE8}") = "Ordering", "Ordering", "{2E10CFB1-6EBD-4AE0-9878-2E0B1B83DA34}"
EndProject
Project("{9A19103F-16F7-4668-BE54-9A1E7A4F7556}") = "Ordering.API", "Services\Ordering\Ordering.API\Ordering.API.csproj", "{2B42D2F3-640F-4B3E-9538-BDFF7B3127DA}"
EndProject
Project("{9A19103F-16F7-4668-BE54-9A1E7A4F7556}") = "Ordering.Domain", "Services\Ordering\Ordering.Domain\Ordering.Domain.csproj", "{73AD185F-9AB5-4BB1-A6EB-38916EFB6A3C}"
EndProject
Project("{9A19103F-16F7-4668-BE54-9A1E7A4F7556}") = "Ordering.Application", "Services\Ordering\Ordering.Application\Ordering.Application.csproj", "{0A5E783F-9A28-43B7-A689-AEEDC01D3C1E}"
EndProject
Project("{9A19103F-16F7-4668-BE54-9A1E7A4F7556}") = "Ordering.Infrastructure", "Services\Ordering\Ordering.Infrastructure\Ordering.Infrastructure.csproj", "{F2F8AEC0-2179-4769-801C-8B576034F9F9}"
EndProject
Project("{2150E333-8FDC-42A3-9474-1A3956D46DE8}") = "BuildingBlocks", "BuildingBlocks", "{313CABD0-6FFE-4726-83DA-C6B5AF8BBAF7}"
EndProject
Project("{FAE04EC0-301F-11D3-BF4B-00C04F79EFBC}") = "EventBus.Message", "BuildingBlocks\EventBus.Message\EventBus.Message.csproj", "{4783F4F9-8321-4BB4-88AB-F82BFEA17228}"
EndProject
Global
	GlobalSection(SolutionConfigurationPlatforms) = preSolution
		Debug|Any CPU = Debug|Any CPU
		Release|Any CPU = Release|Any CPU
	EndGlobalSection
	GlobalSection(ProjectConfigurationPlatforms) = postSolution
		{D6682523-C55D-4B97-AAF8-CCCE6FC9D492}.Debug|Any CPU.ActiveCfg = Debug|Any CPU
		{D6682523-C55D-4B97-AAF8-CCCE6FC9D492}.Debug|Any CPU.Build.0 = Debug|Any CPU
		{D6682523-C55D-4B97-AAF8-CCCE6FC9D492}.Release|Any CPU.ActiveCfg = Release|Any CPU
		{D6682523-C55D-4B97-AAF8-CCCE6FC9D492}.Release|Any CPU.Build.0 = Release|Any CPU
		{7AEB4CAA-26EC-472E-AD90-A32A3F4ECAD9}.Debug|Any CPU.ActiveCfg = Debug|Any CPU
		{7AEB4CAA-26EC-472E-AD90-A32A3F4ECAD9}.Debug|Any CPU.Build.0 = Debug|Any CPU
		{7AEB4CAA-26EC-472E-AD90-A32A3F4ECAD9}.Release|Any CPU.ActiveCfg = Release|Any CPU
		{7AEB4CAA-26EC-472E-AD90-A32A3F4ECAD9}.Release|Any CPU.Build.0 = Release|Any CPU
		{C679F096-636E-4B06-B715-977F5ADB66A0}.Debug|Any CPU.ActiveCfg = Debug|Any CPU
		{C679F096-636E-4B06-B715-977F5ADB66A0}.Debug|Any CPU.Build.0 = Debug|Any CPU
		{C679F096-636E-4B06-B715-977F5ADB66A0}.Release|Any CPU.ActiveCfg = Release|Any CPU
		{C679F096-636E-4B06-B715-977F5ADB66A0}.Release|Any CPU.Build.0 = Release|Any CPU
		{55EFB48C-9ACF-428C-BFD4-2CD74FE330E9}.Debug|Any CPU.ActiveCfg = Debug|Any CPU
		{55EFB48C-9ACF-428C-BFD4-2CD74FE330E9}.Debug|Any CPU.Build.0 = Debug|Any CPU
		{55EFB48C-9ACF-428C-BFD4-2CD74FE330E9}.Release|Any CPU.ActiveCfg = Release|Any CPU
		{55EFB48C-9ACF-428C-BFD4-2CD74FE330E9}.Release|Any CPU.Build.0 = Release|Any CPU
		{1C165017-5A60-4BBC-8C34-56AB6D11736A}.Debug|Any CPU.ActiveCfg = Debug|Any CPU
		{1C165017-5A60-4BBC-8C34-56AB6D11736A}.Debug|Any CPU.Build.0 = Debug|Any CPU
		{1C165017-5A60-4BBC-8C34-56AB6D11736A}.Release|Any CPU.ActiveCfg = Release|Any CPU
		{1C165017-5A60-4BBC-8C34-56AB6D11736A}.Release|Any CPU.Build.0 = Release|Any CPU
		{2B42D2F3-640F-4B3E-9538-BDFF7B3127DA}.Debug|Any CPU.ActiveCfg = Debug|Any CPU
		{2B42D2F3-640F-4B3E-9538-BDFF7B3127DA}.Debug|Any CPU.Build.0 = Debug|Any CPU
		{2B42D2F3-640F-4B3E-9538-BDFF7B3127DA}.Release|Any CPU.ActiveCfg = Release|Any CPU
		{2B42D2F3-640F-4B3E-9538-BDFF7B3127DA}.Release|Any CPU.Build.0 = Release|Any CPU
		{73AD185F-9AB5-4BB1-A6EB-38916EFB6A3C}.Debug|Any CPU.ActiveCfg = Debug|Any CPU
		{73AD185F-9AB5-4BB1-A6EB-38916EFB6A3C}.Debug|Any CPU.Build.0 = Debug|Any CPU
		{73AD185F-9AB5-4BB1-A6EB-38916EFB6A3C}.Release|Any CPU.ActiveCfg = Release|Any CPU
		{73AD185F-9AB5-4BB1-A6EB-38916EFB6A3C}.Release|Any CPU.Build.0 = Release|Any CPU
		{0A5E783F-9A28-43B7-A689-AEEDC01D3C1E}.Debug|Any CPU.ActiveCfg = Debug|Any CPU
		{0A5E783F-9A28-43B7-A689-AEEDC01D3C1E}.Debug|Any CPU.Build.0 = Debug|Any CPU
		{0A5E783F-9A28-43B7-A689-AEEDC01D3C1E}.Release|Any CPU.ActiveCfg = Release|Any CPU
		{0A5E783F-9A28-43B7-A689-AEEDC01D3C1E}.Release|Any CPU.Build.0 = Release|Any CPU
		{F2F8AEC0-2179-4769-801C-8B576034F9F9}.Debug|Any CPU.ActiveCfg = Debug|Any CPU
		{F2F8AEC0-2179-4769-801C-8B576034F9F9}.Debug|Any CPU.Build.0 = Debug|Any CPU
		{F2F8AEC0-2179-4769-801C-8B576034F9F9}.Release|Any CPU.ActiveCfg = Release|Any CPU
		{F2F8AEC0-2179-4769-801C-8B576034F9F9}.Release|Any CPU.Build.0 = Release|Any CPU
		{4783F4F9-8321-4BB4-88AB-F82BFEA17228}.Debug|Any CPU.ActiveCfg = Debug|Any CPU
		{4783F4F9-8321-4BB4-88AB-F82BFEA17228}.Debug|Any CPU.Build.0 = Debug|Any CPU
		{4783F4F9-8321-4BB4-88AB-F82BFEA17228}.Release|Any CPU.ActiveCfg = Release|Any CPU
		{4783F4F9-8321-4BB4-88AB-F82BFEA17228}.Release|Any CPU.Build.0 = Release|Any CPU
	EndGlobalSection
	GlobalSection(SolutionProperties) = preSolution
		HideSolutionNode = FALSE
	EndGlobalSection
	GlobalSection(NestedProjects) = preSolution
		{DFE5528F-A9CB-452F-A50E-AB2CD0300B6E} = {3D8E851D-EBE4-40A6-B27A-3FB789518759}
		{D6682523-C55D-4B97-AAF8-CCCE6FC9D492} = {DFE5528F-A9CB-452F-A50E-AB2CD0300B6E}
		{3825F365-57AC-42A3-BABF-2FA59D91D44F} = {3D8E851D-EBE4-40A6-B27A-3FB789518759}
		{C679F096-636E-4B06-B715-977F5ADB66A0} = {3825F365-57AC-42A3-BABF-2FA59D91D44F}
		{24D9B29B-1C54-453D-9853-6379B7245935} = {3D8E851D-EBE4-40A6-B27A-3FB789518759}
		{55EFB48C-9ACF-428C-BFD4-2CD74FE330E9} = {24D9B29B-1C54-453D-9853-6379B7245935}
		{1C165017-5A60-4BBC-8C34-56AB6D11736A} = {24D9B29B-1C54-453D-9853-6379B7245935}
		{2E10CFB1-6EBD-4AE0-9878-2E0B1B83DA34} = {3D8E851D-EBE4-40A6-B27A-3FB789518759}
		{2B42D2F3-640F-4B3E-9538-BDFF7B3127DA} = {2E10CFB1-6EBD-4AE0-9878-2E0B1B83DA34}
		{73AD185F-9AB5-4BB1-A6EB-38916EFB6A3C} = {2E10CFB1-6EBD-4AE0-9878-2E0B1B83DA34}
		{0A5E783F-9A28-43B7-A689-AEEDC01D3C1E} = {2E10CFB1-6EBD-4AE0-9878-2E0B1B83DA34}
		{F2F8AEC0-2179-4769-801C-8B576034F9F9} = {2E10CFB1-6EBD-4AE0-9878-2E0B1B83DA34}
		{4783F4F9-8321-4BB4-88AB-F82BFEA17228} = {313CABD0-6FFE-4726-83DA-C6B5AF8BBAF7}
	EndGlobalSection
	GlobalSection(ExtensibilityGlobals) = postSolution
		SolutionGuid = {ED225248-6D51-4E4A-91C2-479EDECFEC7D}
	EndGlobalSection
EndGlobal
